
Microsoft Visual Studio Solution File, Format Version 12.00
# Visual Studio 15
VisualStudioVersion = 15.0.26124.0
MinimumVisualStudioVersion = 15.0.26124.0
Project("{9A19103F-16F7-4668-BE54-9A1E7A4F7556}") = "R5T.D0045.Construction", "R5T.D0045.Construction\R5T.D0045.Construction.csproj", "{12729C0C-ED65-4A8A-B78B-ADFA87B65290}"
EndProject
Project("{9A19103F-16F7-4668-BE54-9A1E7A4F7556}") = "R5T.D0045", "R5T.D0045\R5T.D0045.csproj", "{4F11C3CF-C472-4DA1-9D92-8E3DCCF83FA8}"
EndProject
Project("{9A19103F-16F7-4668-BE54-9A1E7A4F7556}") = "R5T.D0045.Base", "R5T.D0045.Base\R5T.D0045.Base.csproj", "{6B5F2469-62F8-4A1D-8640-21791E0454BA}"
EndProject
Project("{2150E333-8FDC-42A3-9474-1A3956D46DE8}") = "_Dependencies", "_Dependencies", "{0B51EB26-6BBA-4AF9-9CB1-039C91A59F41}"
EndProject
Project("{9A19103F-16F7-4668-BE54-9A1E7A4F7556}") = "R5T.T0010", "..\..\R5T.T0010\source\R5T.T0010\R5T.T0010.csproj", "{B6476340-36A6-45EA-AF44-A798B19A94AC}"
EndProject
Project("{9A19103F-16F7-4668-BE54-9A1E7A4F7556}") = "R5T.Stagira", "..\..\R5T.Stagira\source\R5T.Stagira\R5T.Stagira.csproj", "{6E90F9C9-BD0C-4884-B2AD-B44DF22B3A75}"
EndProject
Project("{9A19103F-16F7-4668-BE54-9A1E7A4F7556}") = "R5T.Magyar", "..\..\R5T.Magyar\source\R5T.Magyar\R5T.Magyar.csproj", "{4236B44F-8ED8-4D6E-B129-E77A7C9BA2F2}"
EndProject
Project("{FAE04EC0-301F-11D3-BF4B-00C04F79EFBC}") = "R5T.D0045.Default", "R5T.D0045.Default\R5T.D0045.Default.csproj", "{7661A2FC-7647-407F-840F-3454D9D5AFBD}"
EndProject
Project("{9A19103F-16F7-4668-BE54-9A1E7A4F7556}") = "R5T.Lombardy.Base", "..\..\R5T.Lombardy.Base\source\R5T.Lombardy.Base\R5T.Lombardy.Base.csproj", "{CBEFB4CC-C65D-4A3E-85AC-3D14AEC0B537}"
EndProject
Project("{9A19103F-16F7-4668-BE54-9A1E7A4F7556}") = "R5T.Dacia.Extensions", "..\..\R5T.Dacia.Extensions\source\R5T.Dacia.Extensions\R5T.Dacia.Extensions.csproj", "{9233B090-F0A8-4A69-B290-2B006866EB38}"
EndProject
Project("{9A19103F-16F7-4668-BE54-9A1E7A4F7556}") = "R5T.Dacia", "..\..\R5T.Dacia\source\R5T.Dacia\R5T.Dacia.csproj", "{BAE32514-5FF0-4288-A0B6-8B026CEEA944}"
EndProject
Global
	GlobalSection(SolutionConfigurationPlatforms) = preSolution
		Debug|Any CPU = Debug|Any CPU
		Debug|x64 = Debug|x64
		Debug|x86 = Debug|x86
		Release|Any CPU = Release|Any CPU
		Release|x64 = Release|x64
		Release|x86 = Release|x86
	EndGlobalSection
	GlobalSection(ProjectConfigurationPlatforms) = postSolution
		{12729C0C-ED65-4A8A-B78B-ADFA87B65290}.Debug|Any CPU.ActiveCfg = Debug|Any CPU
		{12729C0C-ED65-4A8A-B78B-ADFA87B65290}.Debug|Any CPU.Build.0 = Debug|Any CPU
		{12729C0C-ED65-4A8A-B78B-ADFA87B65290}.Debug|x64.ActiveCfg = Debug|Any CPU
		{12729C0C-ED65-4A8A-B78B-ADFA87B65290}.Debug|x64.Build.0 = Debug|Any CPU
		{12729C0C-ED65-4A8A-B78B-ADFA87B65290}.Debug|x86.ActiveCfg = Debug|Any CPU
		{12729C0C-ED65-4A8A-B78B-ADFA87B65290}.Debug|x86.Build.0 = Debug|Any CPU
		{12729C0C-ED65-4A8A-B78B-ADFA87B65290}.Release|Any CPU.ActiveCfg = Release|Any CPU
		{12729C0C-ED65-4A8A-B78B-ADFA87B65290}.Release|Any CPU.Build.0 = Release|Any CPU
		{12729C0C-ED65-4A8A-B78B-ADFA87B65290}.Release|x64.ActiveCfg = Release|Any CPU
		{12729C0C-ED65-4A8A-B78B-ADFA87B65290}.Release|x64.Build.0 = Release|Any CPU
		{12729C0C-ED65-4A8A-B78B-ADFA87B65290}.Release|x86.ActiveCfg = Release|Any CPU
		{12729C0C-ED65-4A8A-B78B-ADFA87B65290}.Release|x86.Build.0 = Release|Any CPU
		{4F11C3CF-C472-4DA1-9D92-8E3DCCF83FA8}.Debug|Any CPU.ActiveCfg = Debug|Any CPU
		{4F11C3CF-C472-4DA1-9D92-8E3DCCF83FA8}.Debug|Any CPU.Build.0 = Debug|Any CPU
		{4F11C3CF-C472-4DA1-9D92-8E3DCCF83FA8}.Debug|x64.ActiveCfg = Debug|Any CPU
		{4F11C3CF-C472-4DA1-9D92-8E3DCCF83FA8}.Debug|x64.Build.0 = Debug|Any CPU
		{4F11C3CF-C472-4DA1-9D92-8E3DCCF83FA8}.Debug|x86.ActiveCfg = Debug|Any CPU
		{4F11C3CF-C472-4DA1-9D92-8E3DCCF83FA8}.Debug|x86.Build.0 = Debug|Any CPU
		{4F11C3CF-C472-4DA1-9D92-8E3DCCF83FA8}.Release|Any CPU.ActiveCfg = Release|Any CPU
		{4F11C3CF-C472-4DA1-9D92-8E3DCCF83FA8}.Release|Any CPU.Build.0 = Release|Any CPU
		{4F11C3CF-C472-4DA1-9D92-8E3DCCF83FA8}.Release|x64.ActiveCfg = Release|Any CPU
		{4F11C3CF-C472-4DA1-9D92-8E3DCCF83FA8}.Release|x64.Build.0 = Release|Any CPU
		{4F11C3CF-C472-4DA1-9D92-8E3DCCF83FA8}.Release|x86.ActiveCfg = Release|Any CPU
		{4F11C3CF-C472-4DA1-9D92-8E3DCCF83FA8}.Release|x86.Build.0 = Release|Any CPU
		{6B5F2469-62F8-4A1D-8640-21791E0454BA}.Debug|Any CPU.ActiveCfg = Debug|Any CPU
		{6B5F2469-62F8-4A1D-8640-21791E0454BA}.Debug|Any CPU.Build.0 = Debug|Any CPU
		{6B5F2469-62F8-4A1D-8640-21791E0454BA}.Debug|x64.ActiveCfg = Debug|Any CPU
		{6B5F2469-62F8-4A1D-8640-21791E0454BA}.Debug|x64.Build.0 = Debug|Any CPU
		{6B5F2469-62F8-4A1D-8640-21791E0454BA}.Debug|x86.ActiveCfg = Debug|Any CPU
		{6B5F2469-62F8-4A1D-8640-21791E0454BA}.Debug|x86.Build.0 = Debug|Any CPU
		{6B5F2469-62F8-4A1D-8640-21791E0454BA}.Release|Any CPU.ActiveCfg = Release|Any CPU
		{6B5F2469-62F8-4A1D-8640-21791E0454BA}.Release|Any CPU.Build.0 = Release|Any CPU
		{6B5F2469-62F8-4A1D-8640-21791E0454BA}.Release|x64.ActiveCfg = Release|Any CPU
		{6B5F2469-62F8-4A1D-8640-21791E0454BA}.Release|x64.Build.0 = Release|Any CPU
		{6B5F2469-62F8-4A1D-8640-21791E0454BA}.Release|x86.ActiveCfg = Release|Any CPU
		{6B5F2469-62F8-4A1D-8640-21791E0454BA}.Release|x86.Build.0 = Release|Any CPU
		{B6476340-36A6-45EA-AF44-A798B19A94AC}.Debug|Any CPU.ActiveCfg = Debug|Any CPU
		{B6476340-36A6-45EA-AF44-A798B19A94AC}.Debug|Any CPU.Build.0 = Debug|Any CPU
		{B6476340-36A6-45EA-AF44-A798B19A94AC}.Debug|x64.ActiveCfg = Debug|Any CPU
		{B6476340-36A6-45EA-AF44-A798B19A94AC}.Debug|x64.Build.0 = Debug|Any CPU
		{B6476340-36A6-45EA-AF44-A798B19A94AC}.Debug|x86.ActiveCfg = Debug|Any CPU
		{B6476340-36A6-45EA-AF44-A798B19A94AC}.Debug|x86.Build.0 = Debug|Any CPU
		{B6476340-36A6-45EA-AF44-A798B19A94AC}.Release|Any CPU.ActiveCfg = Release|Any CPU
		{B6476340-36A6-45EA-AF44-A798B19A94AC}.Release|Any CPU.Build.0 = Release|Any CPU
		{B6476340-36A6-45EA-AF44-A798B19A94AC}.Release|x64.ActiveCfg = Release|Any CPU
		{B6476340-36A6-45EA-AF44-A798B19A94AC}.Release|x64.Build.0 = Release|Any CPU
		{B6476340-36A6-45EA-AF44-A798B19A94AC}.Release|x86.ActiveCfg = Release|Any CPU
		{B6476340-36A6-45EA-AF44-A798B19A94AC}.Release|x86.Build.0 = Release|Any CPU
		{6E90F9C9-BD0C-4884-B2AD-B44DF22B3A75}.Debug|Any CPU.ActiveCfg = Debug|Any CPU
		{6E90F9C9-BD0C-4884-B2AD-B44DF22B3A75}.Debug|Any CPU.Build.0 = Debug|Any CPU
		{6E90F9C9-BD0C-4884-B2AD-B44DF22B3A75}.Debug|x64.ActiveCfg = Debug|Any CPU
		{6E90F9C9-BD0C-4884-B2AD-B44DF22B3A75}.Debug|x64.Build.0 = Debug|Any CPU
		{6E90F9C9-BD0C-4884-B2AD-B44DF22B3A75}.Debug|x86.ActiveCfg = Debug|Any CPU
		{6E90F9C9-BD0C-4884-B2AD-B44DF22B3A75}.Debug|x86.Build.0 = Debug|Any CPU
		{6E90F9C9-BD0C-4884-B2AD-B44DF22B3A75}.Release|Any CPU.ActiveCfg = Release|Any CPU
		{6E90F9C9-BD0C-4884-B2AD-B44DF22B3A75}.Release|Any CPU.Build.0 = Release|Any CPU
		{6E90F9C9-BD0C-4884-B2AD-B44DF22B3A75}.Release|x64.ActiveCfg = Release|Any CPU
		{6E90F9C9-BD0C-4884-B2AD-B44DF22B3A75}.Release|x64.Build.0 = Release|Any CPU
		{6E90F9C9-BD0C-4884-B2AD-B44DF22B3A75}.Release|x86.ActiveCfg = Release|Any CPU
		{6E90F9C9-BD0C-4884-B2AD-B44DF22B3A75}.Release|x86.Build.0 = Release|Any CPU
		{4236B44F-8ED8-4D6E-B129-E77A7C9BA2F2}.Debug|Any CPU.ActiveCfg = Debug|Any CPU
		{4236B44F-8ED8-4D6E-B129-E77A7C9BA2F2}.Debug|Any CPU.Build.0 = Debug|Any CPU
		{4236B44F-8ED8-4D6E-B129-E77A7C9BA2F2}.Debug|x64.ActiveCfg = Debug|Any CPU
		{4236B44F-8ED8-4D6E-B129-E77A7C9BA2F2}.Debug|x64.Build.0 = Debug|Any CPU
		{4236B44F-8ED8-4D6E-B129-E77A7C9BA2F2}.Debug|x86.ActiveCfg = Debug|Any CPU
		{4236B44F-8ED8-4D6E-B129-E77A7C9BA2F2}.Debug|x86.Build.0 = Debug|Any CPU
		{4236B44F-8ED8-4D6E-B129-E77A7C9BA2F2}.Release|Any CPU.ActiveCfg = Release|Any CPU
		{4236B44F-8ED8-4D6E-B129-E77A7C9BA2F2}.Release|Any CPU.Build.0 = Release|Any CPU
		{4236B44F-8ED8-4D6E-B129-E77A7C9BA2F2}.Release|x64.ActiveCfg = Release|Any CPU
		{4236B44F-8ED8-4D6E-B129-E77A7C9BA2F2}.Release|x64.Build.0 = Release|Any CPU
		{4236B44F-8ED8-4D6E-B129-E77A7C9BA2F2}.Release|x86.ActiveCfg = Release|Any CPU
		{4236B44F-8ED8-4D6E-B129-E77A7C9BA2F2}.Release|x86.Build.0 = Release|Any CPU
		{7661A2FC-7647-407F-840F-3454D9D5AFBD}.Debug|Any CPU.ActiveCfg = Debug|Any CPU
		{7661A2FC-7647-407F-840F-3454D9D5AFBD}.Debug|Any CPU.Build.0 = Debug|Any CPU
		{7661A2FC-7647-407F-840F-3454D9D5AFBD}.Debug|x64.ActiveCfg = Debug|Any CPU
		{7661A2FC-7647-407F-840F-3454D9D5AFBD}.Debug|x64.Build.0 = Debug|Any CPU
		{7661A2FC-7647-407F-840F-3454D9D5AFBD}.Debug|x86.ActiveCfg = Debug|Any CPU
		{7661A2FC-7647-407F-840F-3454D9D5AFBD}.Debug|x86.Build.0 = Debug|Any CPU
		{7661A2FC-7647-407F-840F-3454D9D5AFBD}.Release|Any CPU.ActiveCfg = Release|Any CPU
		{7661A2FC-7647-407F-840F-3454D9D5AFBD}.Release|Any CPU.Build.0 = Release|Any CPU
		{7661A2FC-7647-407F-840F-3454D9D5AFBD}.Release|x64.ActiveCfg = Release|Any CPU
		{7661A2FC-7647-407F-840F-3454D9D5AFBD}.Release|x64.Build.0 = Release|Any CPU
		{7661A2FC-7647-407F-840F-3454D9D5AFBD}.Release|x86.ActiveCfg = Release|Any CPU
		{7661A2FC-7647-407F-840F-3454D9D5AFBD}.Release|x86.Build.0 = Release|Any CPU
		{CBEFB4CC-C65D-4A3E-85AC-3D14AEC0B537}.Debug|Any CPU.ActiveCfg = Debug|Any CPU
		{CBEFB4CC-C65D-4A3E-85AC-3D14AEC0B537}.Debug|Any CPU.Build.0 = Debug|Any CPU
		{CBEFB4CC-C65D-4A3E-85AC-3D14AEC0B537}.Debug|x64.ActiveCfg = Debug|Any CPU
		{CBEFB4CC-C65D-4A3E-85AC-3D14AEC0B537}.Debug|x64.Build.0 = Debug|Any CPU
		{CBEFB4CC-C65D-4A3E-85AC-3D14AEC0B537}.Debug|x86.ActiveCfg = Debug|Any CPU
		{CBEFB4CC-C65D-4A3E-85AC-3D14AEC0B537}.Debug|x86.Build.0 = Debug|Any CPU
		{CBEFB4CC-C65D-4A3E-85AC-3D14AEC0B537}.Release|Any CPU.ActiveCfg = Release|Any CPU
		{CBEFB4CC-C65D-4A3E-85AC-3D14AEC0B537}.Release|Any CPU.Build.0 = Release|Any CPU
		{CBEFB4CC-C65D-4A3E-85AC-3D14AEC0B537}.Release|x64.ActiveCfg = Release|Any CPU
		{CBEFB4CC-C65D-4A3E-85AC-3D14AEC0B537}.Release|x64.Build.0 = Release|Any CPU
		{CBEFB4CC-C65D-4A3E-85AC-3D14AEC0B537}.Release|x86.ActiveCfg = Release|Any CPU
		{CBEFB4CC-C65D-4A3E-85AC-3D14AEC0B537}.Release|x86.Build.0 = Release|Any CPU
		{9233B090-F0A8-4A69-B290-2B006866EB38}.Debug|Any CPU.ActiveCfg = Debug|Any CPU
		{9233B090-F0A8-4A69-B290-2B006866EB38}.Debug|Any CPU.Build.0 = Debug|Any CPU
		{9233B090-F0A8-4A69-B290-2B006866EB38}.Debug|x64.ActiveCfg = Debug|Any CPU
		{9233B090-F0A8-4A69-B290-2B006866EB38}.Debug|x64.Build.0 = Debug|Any CPU
		{9233B090-F0A8-4A69-B290-2B006866EB38}.Debug|x86.ActiveCfg = Debug|Any CPU
		{9233B090-F0A8-4A69-B290-2B006866EB38}.Debug|x86.Build.0 = Debug|Any CPU
		{9233B090-F0A8-4A69-B290-2B006866EB38}.Release|Any CPU.ActiveCfg = Release|Any CPU
		{9233B090-F0A8-4A69-B290-2B006866EB38}.Release|Any CPU.Build.0 = Release|Any CPU
		{9233B090-F0A8-4A69-B290-2B006866EB38}.Release|x64.ActiveCfg = Release|Any CPU
		{9233B090-F0A8-4A69-B290-2B006866EB38}.Release|x64.Build.0 = Release|Any CPU
		{9233B090-F0A8-4A69-B290-2B006866EB38}.Release|x86.ActiveCfg = Release|Any CPU
		{9233B090-F0A8-4A69-B290-2B006866EB38}.Release|x86.Build.0 = Release|Any CPU
		{BAE32514-5FF0-4288-A0B6-8B026CEEA944}.Debug|Any CPU.ActiveCfg = Debug|Any CPU
		{BAE32514-5FF0-4288-A0B6-8B026CEEA944}.Debug|Any CPU.Build.0 = Debug|Any CPU
		{BAE32514-5FF0-4288-A0B6-8B026CEEA944}.Debug|x64.ActiveCfg = Debug|Any CPU
		{BAE32514-5FF0-4288-A0B6-8B026CEEA944}.Debug|x64.Build.0 = Debug|Any CPU
		{BAE32514-5FF0-4288-A0B6-8B026CEEA944}.Debug|x86.ActiveCfg = Debug|Any CPU
		{BAE32514-5FF0-4288-A0B6-8B026CEEA944}.Debug|x86.Build.0 = Debug|Any CPU
		{BAE32514-5FF0-4288-A0B6-8B026CEEA944}.Release|Any CPU.ActiveCfg = Release|Any CPU
		{BAE32514-5FF0-4288-A0B6-8B026CEEA944}.Release|Any CPU.Build.0 = Release|Any CPU
		{BAE32514-5FF0-4288-A0B6-8B026CEEA944}.Release|x64.ActiveCfg = Release|Any CPU
		{BAE32514-5FF0-4288-A0B6-8B026CEEA944}.Release|x64.Build.0 = Release|Any CPU
		{BAE32514-5FF0-4288-A0B6-8B026CEEA944}.Release|x86.ActiveCfg = Release|Any CPU
		{BAE32514-5FF0-4288-A0B6-8B026CEEA944}.Release|x86.Build.0 = Release|Any CPU
	EndGlobalSection
	GlobalSection(SolutionProperties) = preSolution
		HideSolutionNode = FALSE
	EndGlobalSection
	GlobalSection(NestedProjects) = preSolution
		{B6476340-36A6-45EA-AF44-A798B19A94AC} = {0B51EB26-6BBA-4AF9-9CB1-039C91A59F41}
		{6E90F9C9-BD0C-4884-B2AD-B44DF22B3A75} = {0B51EB26-6BBA-4AF9-9CB1-039C91A59F41}
		{4236B44F-8ED8-4D6E-B129-E77A7C9BA2F2} = {0B51EB26-6BBA-4AF9-9CB1-039C91A59F41}
		{CBEFB4CC-C65D-4A3E-85AC-3D14AEC0B537} = {0B51EB26-6BBA-4AF9-9CB1-039C91A59F41}
		{9233B090-F0A8-4A69-B290-2B006866EB38} = {0B51EB26-6BBA-4AF9-9CB1-039C91A59F41}
		{BAE32514-5FF0-4288-A0B6-8B026CEEA944} = {0B51EB26-6BBA-4AF9-9CB1-039C91A59F41}
	EndGlobalSection
	GlobalSection(ExtensibilityGlobals) = postSolution
		SolutionGuid = {42C764E1-2351-4560-BB42-D38A2118242C}
	EndGlobalSection
EndGlobal
